
Microsoft Visual Studio Solution File, Format Version 12.00
# Visual Studio Version 16
VisualStudioVersion = 25.0.1705.7
MinimumVisualStudioVersion = 10.0.40219.1
Project("{FAE04EC0-301F-11D3-BF4B-00C04F79EFBC}") = "MASTEK.TEST.API", "MASTEK.TEST.API\MASTEK.TEST.API.csproj", "{81D12874-F443-4639-A78A-F07A58A27295}"
EndProject
Project("{FAE04EC0-301F-11D3-BF4B-00C04F79EFBC}") = "MASTEK.TEST.DAL", "MASTEK.TEST.DAL\MASTEK.TEST.DAL.csproj", "{6D397CE7-5DBB-4FCC-B927-8C8F5B39A6D7}"
EndProject
Project("{FAE04EC0-301F-11D3-BF4B-00C04F79EFBC}") = "MASTEK.TEST.ENTITY", "MASTEK.TEST.ENTITY\MASTEK.TEST.ENTITY.csproj", "{8B5348B6-DB82-4D05-8BF7-DBB1000519F3}"
EndProject
Project("{FAE04EC0-301F-11D3-BF4B-00C04F79EFBC}") = "MASTEK.TEST.UNITTEST-X", "MASTEK.TEST.UNITTEST-X\MASTEK.TEST.UNITTEST-X.csproj", "{E082D584-764A-4D87-B767-BC78DA0E3502}"
EndProject
Global
	GlobalSection(SolutionConfigurationPlatforms) = preSolution
		Debug|Any CPU = Debug|Any CPU
		Release|Any CPU = Release|Any CPU
	EndGlobalSection
	GlobalSection(ProjectConfigurationPlatforms) = postSolution
		{81D12874-F443-4639-A78A-F07A58A27295}.Debug|Any CPU.ActiveCfg = Debug|Any CPU
		{81D12874-F443-4639-A78A-F07A58A27295}.Debug|Any CPU.Build.0 = Debug|Any CPU
		{81D12874-F443-4639-A78A-F07A58A27295}.Release|Any CPU.ActiveCfg = Release|Any CPU
		{81D12874-F443-4639-A78A-F07A58A27295}.Release|Any CPU.Build.0 = Release|Any CPU
		{6D397CE7-5DBB-4FCC-B927-8C8F5B39A6D7}.Debug|Any CPU.ActiveCfg = Debug|Any CPU
		{6D397CE7-5DBB-4FCC-B927-8C8F5B39A6D7}.Debug|Any CPU.Build.0 = Debug|Any CPU
		{6D397CE7-5DBB-4FCC-B927-8C8F5B39A6D7}.Release|Any CPU.ActiveCfg = Release|Any CPU
		{6D397CE7-5DBB-4FCC-B927-8C8F5B39A6D7}.Release|Any CPU.Build.0 = Release|Any CPU
		{8B5348B6-DB82-4D05-8BF7-DBB1000519F3}.Debug|Any CPU.ActiveCfg = Debug|Any CPU
		{8B5348B6-DB82-4D05-8BF7-DBB1000519F3}.Debug|Any CPU.Build.0 = Debug|Any CPU
		{8B5348B6-DB82-4D05-8BF7-DBB1000519F3}.Release|Any CPU.ActiveCfg = Release|Any CPU
		{8B5348B6-DB82-4D05-8BF7-DBB1000519F3}.Release|Any CPU.Build.0 = Release|Any CPU
		{E082D584-764A-4D87-B767-BC78DA0E3502}.Debug|Any CPU.ActiveCfg = Debug|Any CPU
		{E082D584-764A-4D87-B767-BC78DA0E3502}.Debug|Any CPU.Build.0 = Debug|Any CPU
		{E082D584-764A-4D87-B767-BC78DA0E3502}.Release|Any CPU.ActiveCfg = Release|Any CPU
		{E082D584-764A-4D87-B767-BC78DA0E3502}.Release|Any CPU.Build.0 = Release|Any CPU
	EndGlobalSection
	GlobalSection(SolutionProperties) = preSolution
		HideSolutionNode = FALSE
	EndGlobalSection
	GlobalSection(ExtensibilityGlobals) = postSolution
		SolutionGuid = {7B682211-86AD-4063-9390-7C0111423559}
	EndGlobalSection
EndGlobal
